
Microsoft Visual Studio Solution File, Format Version 12.00
Project("{FAE04EC0-301F-11D3-BF4B-00C04F79EFBC}") = "Template.MinimalApi.NET8", "Template.MinimalApi.NET8.csproj", "{2476BF0E-B754-4DB0-9D60-D26F786CF86B}"
EndProject
Global
	GlobalSection(SolutionConfigurationPlatforms) = preSolution
		Debug|Any CPU = Debug|Any CPU
		Release|Any CPU = Release|Any CPU
	EndGlobalSection
	GlobalSection(ProjectConfigurationPlatforms) = postSolution
		{2476BF0E-B754-4DB0-9D60-D26F786CF86B}.Debug|Any CPU.ActiveCfg = Debug|Any CPU
		{2476BF0E-B754-4DB0-9D60-D26F786CF86B}.Debug|Any CPU.Build.0 = Debug|Any CPU
		{2476BF0E-B754-4DB0-9D60-D26F786CF86B}.Release|Any CPU.ActiveCfg = Release|Any CPU
		{2476BF0E-B754-4DB0-9D60-D26F786CF86B}.Release|Any CPU.Build.0 = Release|Any CPU
	EndGlobalSection
EndGlobal
